
Microsoft Visual Studio Solution File, Format Version 12.00
# Visual Studio 15
VisualStudioVersion = 15.0.26430.15
MinimumVisualStudioVersion = 10.0.40219.1
Project("{FAE04EC0-301F-11D3-BF4B-00C04F79EFBC}") = "ChookBook.Api", "ChookBook.Api\ChookBook.Api.csproj", "{F3190C89-7441-42B4-BB26-EDF2340476BE}"
EndProject
Project("{FAE04EC0-301F-11D3-BF4B-00C04F79EFBC}") = "ChookBook.Domain", "ChookBook.Domain\ChookBook.Domain.csproj", "{4F5FD427-F039-40C6-AB11-F37A62668A8C}"
EndProject
Global
	GlobalSection(SolutionConfigurationPlatforms) = preSolution
		Debug|Any CPU = Debug|Any CPU
		Release|Any CPU = Release|Any CPU
	EndGlobalSection
	GlobalSection(ProjectConfigurationPlatforms) = postSolution
		{F3190C89-7441-42B4-BB26-EDF2340476BE}.Debug|Any CPU.ActiveCfg = Debug|Any CPU
		{F3190C89-7441-42B4-BB26-EDF2340476BE}.Debug|Any CPU.Build.0 = Debug|Any CPU
		{F3190C89-7441-42B4-BB26-EDF2340476BE}.Release|Any CPU.ActiveCfg = Release|Any CPU
		{F3190C89-7441-42B4-BB26-EDF2340476BE}.Release|Any CPU.Build.0 = Release|Any CPU
		{4F5FD427-F039-40C6-AB11-F37A62668A8C}.Debug|Any CPU.ActiveCfg = Debug|Any CPU
		{4F5FD427-F039-40C6-AB11-F37A62668A8C}.Debug|Any CPU.Build.0 = Debug|Any CPU
		{4F5FD427-F039-40C6-AB11-F37A62668A8C}.Release|Any CPU.ActiveCfg = Release|Any CPU
		{4F5FD427-F039-40C6-AB11-F37A62668A8C}.Release|Any CPU.Build.0 = Release|Any CPU
	EndGlobalSection
	GlobalSection(SolutionProperties) = preSolution
		HideSolutionNode = FALSE
	EndGlobalSection
EndGlobal
